
Microsoft Visual Studio Solution File, Format Version 11.00
# Visual Studio 2010
Project("{8BC9CEB8-8B4A-11D0-8D11-00A0C91BC942}") = "class vector", "class vector\class vector.vcxproj", "{357AB05B-7F17-450E-A9C6-5A201536B200}"
EndProject
Global
	GlobalSection(SolutionConfigurationPlatforms) = preSolution
		Debug|Win32 = Debug|Win32
		Release|Win32 = Release|Win32
	EndGlobalSection
	GlobalSection(ProjectConfigurationPlatforms) = postSolution
		{357AB05B-7F17-450E-A9C6-5A201536B200}.Debug|Win32.ActiveCfg = Debug|Win32
		{357AB05B-7F17-450E-A9C6-5A201536B200}.Debug|Win32.Build.0 = Debug|Win32
		{357AB05B-7F17-450E-A9C6-5A201536B200}.Release|Win32.ActiveCfg = Release|Win32
		{357AB05B-7F17-450E-A9C6-5A201536B200}.Release|Win32.Build.0 = Release|Win32
	EndGlobalSection
	GlobalSection(SolutionProperties) = preSolution
		HideSolutionNode = FALSE
	EndGlobalSection
EndGlobal
